// !$*UTF8*$!
{
	archiveVersion = 1;
	classes = {
	};
	objectVersion = 56;
	objects = {

/* Begin PBXBuildFile section */
		841DA93D28E714840031BC6C /* AppDelegate.swift in Sources */ = {isa = PBXBuildFile; fileRef = 841DA93C28E714840031BC6C /* AppDelegate.swift */; };
		841DA93F28E714840031BC6C /* SceneDelegate.swift in Sources */ = {isa = PBXBuildFile; fileRef = 841DA93E28E714840031BC6C /* SceneDelegate.swift */; };
		841DA94728E714840031BC6C /* CountriesModel.xcdatamodeld in Sources */ = {isa = PBXBuildFile; fileRef = 841DA94528E714840031BC6C /* CountriesModel.xcdatamodeld */; };
		841DA94928E714870031BC6C /* Assets.xcassets in Resources */ = {isa = PBXBuildFile; fileRef = 841DA94828E714870031BC6C /* Assets.xcassets */; };
		841DA95728E714870031BC6C /* CountriesTests.swift in Sources */ = {isa = PBXBuildFile; fileRef = 841DA95628E714870031BC6C /* CountriesTests.swift */; };
		841DA96128E714870031BC6C /* CountriesUITests.swift in Sources */ = {isa = PBXBuildFile; fileRef = 841DA96028E714870031BC6C /* CountriesUITests.swift */; };
		841DA96328E714870031BC6C /* CountriesUITestsLaunchTests.swift in Sources */ = {isa = PBXBuildFile; fileRef = 841DA96228E714870031BC6C /* CountriesUITestsLaunchTests.swift */; };
		841DA97228E718470031BC6C /* MainTabbarViewController.swift in Sources */ = {isa = PBXBuildFile; fileRef = 841DA97128E718470031BC6C /* MainTabbarViewController.swift */; };
		841DA97428E7186B0031BC6C /* HomeViewController.swift in Sources */ = {isa = PBXBuildFile; fileRef = 841DA97328E7186B0031BC6C /* HomeViewController.swift */; };
		841DA97628E7188F0031BC6C /* SavedViewController.swift in Sources */ = {isa = PBXBuildFile; fileRef = 841DA97528E7188F0031BC6C /* SavedViewController.swift */; };
		841DA97828E718A00031BC6C /* DetailViewController.swift in Sources */ = {isa = PBXBuildFile; fileRef = 841DA97728E718A00031BC6C /* DetailViewController.swift */; };
		841DA97A28E71C660031BC6C /* CountryCollectionViewCell.swift in Sources */ = {isa = PBXBuildFile; fileRef = 841DA97928E71C660031BC6C /* CountryCollectionViewCell.swift */; };
		841DA97F28E749430031BC6C /* NetworkManager.swift in Sources */ = {isa = PBXBuildFile; fileRef = 841DA97E28E749430031BC6C /* NetworkManager.swift */; };
		841DA98228E74A780031BC6C /* Country.swift in Sources */ = {isa = PBXBuildFile; fileRef = 841DA98128E74A780031BC6C /* Country.swift */; };
		84259D0128EC94AF00E18421 /* UIImageViewExtensions.swift in Sources */ = {isa = PBXBuildFile; fileRef = 84259D0028EC94AF00E18421 /* UIImageViewExtensions.swift */; };
		84259D0328EC94C500E18421 /* TaskExtensions.swift in Sources */ = {isa = PBXBuildFile; fileRef = 84259D0228EC94C400E18421 /* TaskExtensions.swift */; };
		8433C5A828EB020C00FDB67A /* CountryViewModel.swift in Sources */ = {isa = PBXBuildFile; fileRef = 8433C5A728EB020C00FDB67A /* CountryViewModel.swift */; };
		843BCA9C28EA35D800D953D9 /* CoreDataManager.swift in Sources */ = {isa = PBXBuildFile; fileRef = 843BCA9B28EA35D800D953D9 /* CoreDataManager.swift */; };
		845D120C28EC4B25003A210E /* SVGKit in Frameworks */ = {isa = PBXBuildFile; productRef = 845D120B28EC4B25003A210E /* SVGKit */; };
		845D120E28EC4B25003A210E /* SVGKitSwift in Frameworks */ = {isa = PBXBuildFile; productRef = 845D120D28EC4B25003A210E /* SVGKitSwift */; };
		846B49FA28EB553E00B97495 /* CountryDetailViewModel.swift in Sources */ = {isa = PBXBuildFile; fileRef = 846B49F928EB553E00B97495 /* CountryDetailViewModel.swift */; };
		846B49FD28EB5E1000B97495 /* SDWebImage in Frameworks */ = {isa = PBXBuildFile; productRef = 846B49FC28EB5E1000B97495 /* SDWebImage */; };
		846B49FF28EB5E1000B97495 /* SDWebImageMapKit in Frameworks */ = {isa = PBXBuildFile; productRef = 846B49FE28EB5E1000B97495 /* SDWebImageMapKit */; };
		84C9D68728EC0A9D000599FA /* CountryDetails.swift in Sources */ = {isa = PBXBuildFile; fileRef = 84C9D68628EC0A9D000599FA /* CountryDetails.swift */; };
		84C9D68A28EC4704000599FA /* SDWebImageSVGCoder in Frameworks */ = {isa = PBXBuildFile; productRef = 84C9D68928EC4704000599FA /* SDWebImageSVGCoder */; };
/* End PBXBuildFile section */

/* Begin PBXContainerItemProxy section */
		841DA95328E714870031BC6C /* PBXContainerItemProxy */ = {
			isa = PBXContainerItemProxy;
			containerPortal = 841DA93128E714840031BC6C /* Project object */;
			proxyType = 1;
			remoteGlobalIDString = 841DA93828E714840031BC6C;
			remoteInfo = Countries;
		};
		841DA95D28E714870031BC6C /* PBXContainerItemProxy */ = {
			isa = PBXContainerItemProxy;
			containerPortal = 841DA93128E714840031BC6C /* Project object */;
			proxyType = 1;
			remoteGlobalIDString = 841DA93828E714840031BC6C;
			remoteInfo = Countries;
		};
/* End PBXContainerItemProxy section */

/* Begin PBXFileReference section */
		841DA93928E714840031BC6C /* Countries.app */ = {isa = PBXFileReference; explicitFileType = wrapper.application; includeInIndex = 0; path = Countries.app; sourceTree = BUILT_PRODUCTS_DIR; };
		841DA93C28E714840031BC6C /* AppDelegate.swift */ = {isa = PBXFileReference; lastKnownFileType = sourcecode.swift; path = AppDelegate.swift; sourceTree = "<group>"; };
		841DA93E28E714840031BC6C /* SceneDelegate.swift */ = {isa = PBXFileReference; lastKnownFileType = sourcecode.swift; path = SceneDelegate.swift; sourceTree = "<group>"; };
		841DA94628E714840031BC6C /* Countries.xcdatamodel */ = {isa = PBXFileReference; lastKnownFileType = wrapper.xcdatamodel; path = Countries.xcdatamodel; sourceTree = "<group>"; };
		841DA94828E714870031BC6C /* Assets.xcassets */ = {isa = PBXFileReference; lastKnownFileType = folder.assetcatalog; path = Assets.xcassets; sourceTree = "<group>"; };
		841DA94D28E714870031BC6C /* Info.plist */ = {isa = PBXFileReference; lastKnownFileType = text.plist.xml; path = Info.plist; sourceTree = "<group>"; };
		841DA95228E714870031BC6C /* CountriesTests.xctest */ = {isa = PBXFileReference; explicitFileType = wrapper.cfbundle; includeInIndex = 0; path = CountriesTests.xctest; sourceTree = BUILT_PRODUCTS_DIR; };
		841DA95628E714870031BC6C /* CountriesTests.swift */ = {isa = PBXFileReference; lastKnownFileType = sourcecode.swift; path = CountriesTests.swift; sourceTree = "<group>"; };
		841DA95C28E714870031BC6C /* CountriesUITests.xctest */ = {isa = PBXFileReference; explicitFileType = wrapper.cfbundle; includeInIndex = 0; path = CountriesUITests.xctest; sourceTree = BUILT_PRODUCTS_DIR; };
		841DA96028E714870031BC6C /* CountriesUITests.swift */ = {isa = PBXFileReference; lastKnownFileType = sourcecode.swift; path = CountriesUITests.swift; sourceTree = "<group>"; };
		841DA96228E714870031BC6C /* CountriesUITestsLaunchTests.swift */ = {isa = PBXFileReference; lastKnownFileType = sourcecode.swift; path = CountriesUITestsLaunchTests.swift; sourceTree = "<group>"; };
		841DA97128E718470031BC6C /* MainTabbarViewController.swift */ = {isa = PBXFileReference; lastKnownFileType = sourcecode.swift; path = MainTabbarViewController.swift; sourceTree = "<group>"; };
		841DA97328E7186B0031BC6C /* HomeViewController.swift */ = {isa = PBXFileReference; lastKnownFileType = sourcecode.swift; path = HomeViewController.swift; sourceTree = "<group>"; };
		841DA97528E7188F0031BC6C /* SavedViewController.swift */ = {isa = PBXFileReference; lastKnownFileType = sourcecode.swift; path = SavedViewController.swift; sourceTree = "<group>"; };
		841DA97728E718A00031BC6C /* DetailViewController.swift */ = {isa = PBXFileReference; lastKnownFileType = sourcecode.swift; path = DetailViewController.swift; sourceTree = "<group>"; };
		841DA97928E71C660031BC6C /* CountryCollectionViewCell.swift */ = {isa = PBXFileReference; lastKnownFileType = sourcecode.swift; path = CountryCollectionViewCell.swift; sourceTree = "<group>"; };
		841DA97E28E749430031BC6C /* NetworkManager.swift */ = {isa = PBXFileReference; lastKnownFileType = sourcecode.swift; path = NetworkManager.swift; sourceTree = "<group>"; };
		841DA98128E74A780031BC6C /* Country.swift */ = {isa = PBXFileReference; lastKnownFileType = sourcecode.swift; path = Country.swift; sourceTree = "<group>"; };
		84259D0028EC94AF00E18421 /* UIImageViewExtensions.swift */ = {isa = PBXFileReference; lastKnownFileType = sourcecode.swift; path = UIImageViewExtensions.swift; sourceTree = "<group>"; };
		84259D0228EC94C400E18421 /* TaskExtensions.swift */ = {isa = PBXFileReference; lastKnownFileType = sourcecode.swift; path = TaskExtensions.swift; sourceTree = "<group>"; };
		8433C5A728EB020C00FDB67A /* CountryViewModel.swift */ = {isa = PBXFileReference; lastKnownFileType = sourcecode.swift; path = CountryViewModel.swift; sourceTree = "<group>"; };
		843BCA9B28EA35D800D953D9 /* CoreDataManager.swift */ = {isa = PBXFileReference; lastKnownFileType = sourcecode.swift; path = CoreDataManager.swift; sourceTree = "<group>"; };
		846B49F928EB553E00B97495 /* CountryDetailViewModel.swift */ = {isa = PBXFileReference; lastKnownFileType = sourcecode.swift; path = CountryDetailViewModel.swift; sourceTree = "<group>"; };
		84C9D68628EC0A9D000599FA /* CountryDetails.swift */ = {isa = PBXFileReference; lastKnownFileType = sourcecode.swift; path = CountryDetails.swift; sourceTree = "<group>"; };
/* End PBXFileReference section */

/* Begin PBXFrameworksBuildPhase section */
		841DA93628E714840031BC6C /* Frameworks */ = {
			isa = PBXFrameworksBuildPhase;
			buildActionMask = 2147483647;
			files = (
				84C9D68A28EC4704000599FA /* SDWebImageSVGCoder in Frameworks */,
				846B49FF28EB5E1000B97495 /* SDWebImageMapKit in Frameworks */,
				845D120E28EC4B25003A210E /* SVGKitSwift in Frameworks */,
				845D120C28EC4B25003A210E /* SVGKit in Frameworks */,
				846B49FD28EB5E1000B97495 /* SDWebImage in Frameworks */,
			);
			runOnlyForDeploymentPostprocessing = 0;
		};
		841DA94F28E714870031BC6C /* Frameworks */ = {
			isa = PBXFrameworksBuildPhase;
			buildActionMask = 2147483647;
			files = (
			);
			runOnlyForDeploymentPostprocessing = 0;
		};
		841DA95928E714870031BC6C /* Frameworks */ = {
			isa = PBXFrameworksBuildPhase;
			buildActionMask = 2147483647;
			files = (
			);
			runOnlyForDeploymentPostprocessing = 0;
		};
/* End PBXFrameworksBuildPhase section */

/* Begin PBXGroup section */
		841DA93028E714840031BC6C = {
			isa = PBXGroup;
			children = (
				841DA93B28E714840031BC6C /* Countries */,
				841DA95528E714870031BC6C /* CountriesTests */,
				841DA95F28E714870031BC6C /* CountriesUITests */,
				841DA93A28E714840031BC6C /* Products */,
			);
			sourceTree = "<group>";
		};
		841DA93A28E714840031BC6C /* Products */ = {
			isa = PBXGroup;
			children = (
				841DA93928E714840031BC6C /* Countries.app */,
				841DA95228E714870031BC6C /* CountriesTests.xctest */,
				841DA95C28E714870031BC6C /* CountriesUITests.xctest */,
			);
			name = Products;
			sourceTree = "<group>";
		};
		841DA93B28E714840031BC6C /* Countries */ = {
			isa = PBXGroup;
			children = (
				84259CFF28EC948E00E18421 /* Extensions */,
				8433C5A628EB01E800FDB67A /* ViewModels */,
				841DA98028E74A610031BC6C /* Models */,
				841DA97B28E7490E0031BC6C /* Managers */,
				841DA97028E717E50031BC6C /* Controllers */,
				841DA96F28E717DD0031BC6C /* Views */,
				841DA93C28E714840031BC6C /* AppDelegate.swift */,
				841DA93E28E714840031BC6C /* SceneDelegate.swift */,
				841DA94828E714870031BC6C /* Assets.xcassets */,
				841DA94D28E714870031BC6C /* Info.plist */,
				841DA94528E714840031BC6C /* CountriesModel.xcdatamodeld */,
			);
			path = Countries;
			sourceTree = "<group>";
		};
		841DA95528E714870031BC6C /* CountriesTests */ = {
			isa = PBXGroup;
			children = (
				841DA95628E714870031BC6C /* CountriesTests.swift */,
			);
			path = CountriesTests;
			sourceTree = "<group>";
		};
		841DA95F28E714870031BC6C /* CountriesUITests */ = {
			isa = PBXGroup;
			children = (
				841DA96028E714870031BC6C /* CountriesUITests.swift */,
				841DA96228E714870031BC6C /* CountriesUITestsLaunchTests.swift */,
			);
			path = CountriesUITests;
			sourceTree = "<group>";
		};
		841DA96F28E717DD0031BC6C /* Views */ = {
			isa = PBXGroup;
			children = (
				841DA97928E71C660031BC6C /* CountryCollectionViewCell.swift */,
			);
			path = Views;
			sourceTree = "<group>";
		};
		841DA97028E717E50031BC6C /* Controllers */ = {
			isa = PBXGroup;
			children = (
				841DA97128E718470031BC6C /* MainTabbarViewController.swift */,
				841DA97328E7186B0031BC6C /* HomeViewController.swift */,
				841DA97528E7188F0031BC6C /* SavedViewController.swift */,
				841DA97728E718A00031BC6C /* DetailViewController.swift */,
			);
			path = Controllers;
			sourceTree = "<group>";
		};
		841DA97B28E7490E0031BC6C /* Managers */ = {
			isa = PBXGroup;
			children = (
				841DA97E28E749430031BC6C /* NetworkManager.swift */,
				843BCA9B28EA35D800D953D9 /* CoreDataManager.swift */,
			);
			path = Managers;
			sourceTree = "<group>";
		};
		841DA98028E74A610031BC6C /* Models */ = {
			isa = PBXGroup;
			children = (
				841DA98128E74A780031BC6C /* Country.swift */,
				84C9D68628EC0A9D000599FA /* CountryDetails.swift */,
			);
			path = Models;
			sourceTree = "<group>";
		};
		84259CFF28EC948E00E18421 /* Extensions */ = {
			isa = PBXGroup;
			children = (
				84259D0028EC94AF00E18421 /* UIImageViewExtensions.swift */,
				84259D0228EC94C400E18421 /* TaskExtensions.swift */,
			);
			path = Extensions;
			sourceTree = "<group>";
		};
		8433C5A628EB01E800FDB67A /* ViewModels */ = {
			isa = PBXGroup;
			children = (
				8433C5A728EB020C00FDB67A /* CountryViewModel.swift */,
				846B49F928EB553E00B97495 /* CountryDetailViewModel.swift */,
			);
			path = ViewModels;
			sourceTree = "<group>";
		};
/* End PBXGroup section */

/* Begin PBXNativeTarget section */
		841DA93828E714840031BC6C /* Countries */ = {
			isa = PBXNativeTarget;
			buildConfigurationList = 841DA96628E714870031BC6C /* Build configuration list for PBXNativeTarget "Countries" */;
			buildPhases = (
				841DA93528E714840031BC6C /* Sources */,
				841DA93628E714840031BC6C /* Frameworks */,
				841DA93728E714840031BC6C /* Resources */,
			);
			buildRules = (
			);
			dependencies = (
			);
			name = Countries;
			packageProductDependencies = (
				846B49FC28EB5E1000B97495 /* SDWebImage */,
				846B49FE28EB5E1000B97495 /* SDWebImageMapKit */,
				84C9D68928EC4704000599FA /* SDWebImageSVGCoder */,
				845D120B28EC4B25003A210E /* SVGKit */,
				845D120D28EC4B25003A210E /* SVGKitSwift */,
			);
			productName = Countries;
			productReference = 841DA93928E714840031BC6C /* Countries.app */;
			productType = "com.apple.product-type.application";
		};
		841DA95128E714870031BC6C /* CountriesTests */ = {
			isa = PBXNativeTarget;
			buildConfigurationList = 841DA96928E714870031BC6C /* Build configuration list for PBXNativeTarget "CountriesTests" */;
			buildPhases = (
				841DA94E28E714870031BC6C /* Sources */,
				841DA94F28E714870031BC6C /* Frameworks */,
				841DA95028E714870031BC6C /* Resources */,
			);
			buildRules = (
			);
			dependencies = (
				841DA95428E714870031BC6C /* PBXTargetDependency */,
			);
			name = CountriesTests;
			productName = CountriesTests;
			productReference = 841DA95228E714870031BC6C /* CountriesTests.xctest */;
			productType = "com.apple.product-type.bundle.unit-test";
		};
		841DA95B28E714870031BC6C /* CountriesUITests */ = {
			isa = PBXNativeTarget;
			buildConfigurationList = 841DA96C28E714870031BC6C /* Build configuration list for PBXNativeTarget "CountriesUITests" */;
			buildPhases = (
				841DA95828E714870031BC6C /* Sources */,
				841DA95928E714870031BC6C /* Frameworks */,
				841DA95A28E714870031BC6C /* Resources */,
			);
			buildRules = (
			);
			dependencies = (
				841DA95E28E714870031BC6C /* PBXTargetDependency */,
			);
			name = CountriesUITests;
			productName = CountriesUITests;
			productReference = 841DA95C28E714870031BC6C /* CountriesUITests.xctest */;
			productType = "com.apple.product-type.bundle.ui-testing";
		};
/* End PBXNativeTarget section */

/* Begin PBXProject section */
		841DA93128E714840031BC6C /* Project object */ = {
			isa = PBXProject;
			attributes = {
				BuildIndependentTargetsInParallel = 1;
				LastSwiftUpdateCheck = 1400;
				LastUpgradeCheck = 1400;
				TargetAttributes = {
					841DA93828E714840031BC6C = {
						CreatedOnToolsVersion = 14.0;
					};
					841DA95128E714870031BC6C = {
						CreatedOnToolsVersion = 14.0;
						TestTargetID = 841DA93828E714840031BC6C;
					};
					841DA95B28E714870031BC6C = {
						CreatedOnToolsVersion = 14.0;
						TestTargetID = 841DA93828E714840031BC6C;
					};
				};
			};
			buildConfigurationList = 841DA93428E714840031BC6C /* Build configuration list for PBXProject "Countries" */;
			compatibilityVersion = "Xcode 14.0";
			developmentRegion = en;
			hasScannedForEncodings = 0;
			knownRegions = (
				en,
				Base,
			);
			mainGroup = 841DA93028E714840031BC6C;
			packageReferences = (
				846B49FB28EB5E1000B97495 /* XCRemoteSwiftPackageReference "SDWebImage" */,
				84C9D68828EC4704000599FA /* XCRemoteSwiftPackageReference "SDWebImageSVGCoder" */,
				845D120A28EC4B25003A210E /* XCRemoteSwiftPackageReference "SVGKit" */,
			);
			productRefGroup = 841DA93A28E714840031BC6C /* Products */;
			projectDirPath = "";
			projectRoot = "";
			targets = (
				841DA93828E714840031BC6C /* Countries */,
				841DA95128E714870031BC6C /* CountriesTests */,
				841DA95B28E714870031BC6C /* CountriesUITests */,
			);
		};
/* End PBXProject section */

/* Begin PBXResourcesBuildPhase section */
		841DA93728E714840031BC6C /* Resources */ = {
			isa = PBXResourcesBuildPhase;
			buildActionMask = 2147483647;
			files = (
				841DA94928E714870031BC6C /* Assets.xcassets in Resources */,
			);
			runOnlyForDeploymentPostprocessing = 0;
		};
		841DA95028E714870031BC6C /* Resources */ = {
			isa = PBXResourcesBuildPhase;
			buildActionMask = 2147483647;
			files = (
			);
			runOnlyForDeploymentPostprocessing = 0;
		};
		841DA95A28E714870031BC6C /* Resources */ = {
			isa = PBXResourcesBuildPhase;
			buildActionMask = 2147483647;
			files = (
			);
			runOnlyForDeploymentPostprocessing = 0;
		};
/* End PBXResourcesBuildPhase section */

/* Begin PBXSourcesBuildPhase section */
		841DA93528E714840031BC6C /* Sources */ = {
			isa = PBXSourcesBuildPhase;
			buildActionMask = 2147483647;
			files = (
				841DA97F28E749430031BC6C /* NetworkManager.swift in Sources */,
				846B49FA28EB553E00B97495 /* CountryDetailViewModel.swift in Sources */,
				84259D0328EC94C500E18421 /* TaskExtensions.swift in Sources */,
				841DA93D28E714840031BC6C /* AppDelegate.swift in Sources */,
				84C9D68728EC0A9D000599FA /* CountryDetails.swift in Sources */,
				841DA97628E7188F0031BC6C /* SavedViewController.swift in Sources */,
				841DA94728E714840031BC6C /* CountriesModel.xcdatamodeld in Sources */,
				841DA93F28E714840031BC6C /* SceneDelegate.swift in Sources */,
				841DA97A28E71C660031BC6C /* CountryCollectionViewCell.swift in Sources */,
				841DA97228E718470031BC6C /* MainTabbarViewController.swift in Sources */,
				841DA97428E7186B0031BC6C /* HomeViewController.swift in Sources */,
				841DA98228E74A780031BC6C /* Country.swift in Sources */,
				8433C5A828EB020C00FDB67A /* CountryViewModel.swift in Sources */,
				841DA97828E718A00031BC6C /* DetailViewController.swift in Sources */,
				84259D0128EC94AF00E18421 /* UIImageViewExtensions.swift in Sources */,
				843BCA9C28EA35D800D953D9 /* CoreDataManager.swift in Sources */,
			);
			runOnlyForDeploymentPostprocessing = 0;
		};
		841DA94E28E714870031BC6C /* Sources */ = {
			isa = PBXSourcesBuildPhase;
			buildActionMask = 2147483647;
			files = (
				841DA95728E714870031BC6C /* CountriesTests.swift in Sources */,
			);
			runOnlyForDeploymentPostprocessing = 0;
		};
		841DA95828E714870031BC6C /* Sources */ = {
			isa = PBXSourcesBuildPhase;
			buildActionMask = 2147483647;
			files = (
				841DA96128E714870031BC6C /* CountriesUITests.swift in Sources */,
				841DA96328E714870031BC6C /* CountriesUITestsLaunchTests.swift in Sources */,
			);
			runOnlyForDeploymentPostprocessing = 0;
		};
/* End PBXSourcesBuildPhase section */

/* Begin PBXTargetDependency section */
		841DA95428E714870031BC6C /* PBXTargetDependency */ = {
			isa = PBXTargetDependency;
			target = 841DA93828E714840031BC6C /* Countries */;
			targetProxy = 841DA95328E714870031BC6C /* PBXContainerItemProxy */;
		};
		841DA95E28E714870031BC6C /* PBXTargetDependency */ = {
			isa = PBXTargetDependency;
			target = 841DA93828E714840031BC6C /* Countries */;
			targetProxy = 841DA95D28E714870031BC6C /* PBXContainerItemProxy */;
		};
/* End PBXTargetDependency section */

/* Begin XCBuildConfiguration section */
		841DA96428E714870031BC6C /* Debug */ = {
			isa = XCBuildConfiguration;
			buildSettings = {
				ALWAYS_SEARCH_USER_PATHS = NO;
				CLANG_ANALYZER_NONNULL = YES;
				CLANG_ANALYZER_NUMBER_OBJECT_CONVERSION = YES_AGGRESSIVE;
				CLANG_CXX_LANGUAGE_STANDARD = "gnu++20";
				CLANG_ENABLE_MODULES = YES;
				CLANG_ENABLE_OBJC_ARC = YES;
				CLANG_ENABLE_OBJC_WEAK = YES;
				CLANG_WARN_BLOCK_CAPTURE_AUTORELEASING = YES;
				CLANG_WARN_BOOL_CONVERSION = YES;
				CLANG_WARN_COMMA = YES;
				CLANG_WARN_CONSTANT_CONVERSION = YES;
				CLANG_WARN_DEPRECATED_OBJC_IMPLEMENTATIONS = YES;
				CLANG_WARN_DIRECT_OBJC_ISA_USAGE = YES_ERROR;
				CLANG_WARN_DOCUMENTATION_COMMENTS = YES;
				CLANG_WARN_EMPTY_BODY = YES;
				CLANG_WARN_ENUM_CONVERSION = YES;
				CLANG_WARN_INFINITE_RECURSION = YES;
				CLANG_WARN_INT_CONVERSION = YES;
				CLANG_WARN_NON_LITERAL_NULL_CONVERSION = YES;
				CLANG_WARN_OBJC_IMPLICIT_RETAIN_SELF = YES;
				CLANG_WARN_OBJC_LITERAL_CONVERSION = YES;
				CLANG_WARN_OBJC_ROOT_CLASS = YES_ERROR;
				CLANG_WARN_QUOTED_INCLUDE_IN_FRAMEWORK_HEADER = YES;
				CLANG_WARN_RANGE_LOOP_ANALYSIS = YES;
				CLANG_WARN_STRICT_PROTOTYPES = YES;
				CLANG_WARN_SUSPICIOUS_MOVE = YES;
				CLANG_WARN_UNGUARDED_AVAILABILITY = YES_AGGRESSIVE;
				CLANG_WARN_UNREACHABLE_CODE = YES;
				CLANG_WARN__DUPLICATE_METHOD_MATCH = YES;
				COPY_PHASE_STRIP = NO;
				DEBUG_INFORMATION_FORMAT = dwarf;
				ENABLE_STRICT_OBJC_MSGSEND = YES;
				ENABLE_TESTABILITY = YES;
				GCC_C_LANGUAGE_STANDARD = gnu11;
				GCC_DYNAMIC_NO_PIC = NO;
				GCC_NO_COMMON_BLOCKS = YES;
				GCC_OPTIMIZATION_LEVEL = 0;
				GCC_PREPROCESSOR_DEFINITIONS = (
					"DEBUG=1",
					"$(inherited)",
				);
				GCC_WARN_64_TO_32_BIT_CONVERSION = YES;
				GCC_WARN_ABOUT_RETURN_TYPE = YES_ERROR;
				GCC_WARN_UNDECLARED_SELECTOR = YES;
				GCC_WARN_UNINITIALIZED_AUTOS = YES_AGGRESSIVE;
				GCC_WARN_UNUSED_FUNCTION = YES;
				GCC_WARN_UNUSED_VARIABLE = YES;
				IPHONEOS_DEPLOYMENT_TARGET = 16.0;
				MTL_ENABLE_DEBUG_INFO = INCLUDE_SOURCE;
				MTL_FAST_MATH = YES;
				ONLY_ACTIVE_ARCH = YES;
				SDKROOT = iphoneos;
				SWIFT_ACTIVE_COMPILATION_CONDITIONS = DEBUG;
				SWIFT_OPTIMIZATION_LEVEL = "-Onone";
			};
			name = Debug;
		};
		841DA96528E714870031BC6C /* Release */ = {
			isa = XCBuildConfiguration;
			buildSettings = {
				ALWAYS_SEARCH_USER_PATHS = NO;
				CLANG_ANALYZER_NONNULL = YES;
				CLANG_ANALYZER_NUMBER_OBJECT_CONVERSION = YES_AGGRESSIVE;
				CLANG_CXX_LANGUAGE_STANDARD = "gnu++20";
				CLANG_ENABLE_MODULES = YES;
				CLANG_ENABLE_OBJC_ARC = YES;
				CLANG_ENABLE_OBJC_WEAK = YES;
				CLANG_WARN_BLOCK_CAPTURE_AUTORELEASING = YES;
				CLANG_WARN_BOOL_CONVERSION = YES;
				CLANG_WARN_COMMA = YES;
				CLANG_WARN_CONSTANT_CONVERSION = YES;
				CLANG_WARN_DEPRECATED_OBJC_IMPLEMENTATIONS = YES;
				CLANG_WARN_DIRECT_OBJC_ISA_USAGE = YES_ERROR;
				CLANG_WARN_DOCUMENTATION_COMMENTS = YES;
				CLANG_WARN_EMPTY_BODY = YES;
				CLANG_WARN_ENUM_CONVERSION = YES;
				CLANG_WARN_INFINITE_RECURSION = YES;
				CLANG_WARN_INT_CONVERSION = YES;
				CLANG_WARN_NON_LITERAL_NULL_CONVERSION = YES;
				CLANG_WARN_OBJC_IMPLICIT_RETAIN_SELF = YES;
				CLANG_WARN_OBJC_LITERAL_CONVERSION = YES;
				CLANG_WARN_OBJC_ROOT_CLASS = YES_ERROR;
				CLANG_WARN_QUOTED_INCLUDE_IN_FRAMEWORK_HEADER = YES;
				CLANG_WARN_RANGE_LOOP_ANALYSIS = YES;
				CLANG_WARN_STRICT_PROTOTYPES = YES;
				CLANG_WARN_SUSPICIOUS_MOVE = YES;
				CLANG_WARN_UNGUARDED_AVAILABILITY = YES_AGGRESSIVE;
				CLANG_WARN_UNREACHABLE_CODE = YES;
				CLANG_WARN__DUPLICATE_METHOD_MATCH = YES;
				COPY_PHASE_STRIP = NO;
				DEBUG_INFORMATION_FORMAT = "dwarf-with-dsym";
				ENABLE_NS_ASSERTIONS = NO;
				ENABLE_STRICT_OBJC_MSGSEND = YES;
				GCC_C_LANGUAGE_STANDARD = gnu11;
				GCC_NO_COMMON_BLOCKS = YES;
				GCC_WARN_64_TO_32_BIT_CONVERSION = YES;
				GCC_WARN_ABOUT_RETURN_TYPE = YES_ERROR;
				GCC_WARN_UNDECLARED_SELECTOR = YES;
				GCC_WARN_UNINITIALIZED_AUTOS = YES_AGGRESSIVE;
				GCC_WARN_UNUSED_FUNCTION = YES;
				GCC_WARN_UNUSED_VARIABLE = YES;
				IPHONEOS_DEPLOYMENT_TARGET = 16.0;
				MTL_ENABLE_DEBUG_INFO = NO;
				MTL_FAST_MATH = YES;
				SDKROOT = iphoneos;
				SWIFT_COMPILATION_MODE = wholemodule;
				SWIFT_OPTIMIZATION_LEVEL = "-O";
				VALIDATE_PRODUCT = YES;
			};
			name = Release;
		};
		841DA96728E714870031BC6C /* Debug */ = {
			isa = XCBuildConfiguration;
			buildSettings = {
				ASSETCATALOG_COMPILER_APPICON_NAME = AppIcon;
				ASSETCATALOG_COMPILER_GLOBAL_ACCENT_COLOR_NAME = AccentColor;
				CODE_SIGN_STYLE = Automatic;
				CURRENT_PROJECT_VERSION = 1;
				GENERATE_INFOPLIST_FILE = YES;
				INFOPLIST_FILE = Countries/Info.plist;
				INFOPLIST_KEY_UIApplicationSupportsIndirectInputEvents = YES;
				INFOPLIST_KEY_UILaunchStoryboardName = LaunchScreen;
				INFOPLIST_KEY_UISupportedInterfaceOrientations_iPad = "UIInterfaceOrientationPortrait UIInterfaceOrientationPortraitUpsideDown UIInterfaceOrientationLandscapeLeft UIInterfaceOrientationLandscapeRight";
				INFOPLIST_KEY_UISupportedInterfaceOrientations_iPhone = "UIInterfaceOrientationPortrait UIInterfaceOrientationLandscapeLeft UIInterfaceOrientationLandscapeRight";
				LD_RUNPATH_SEARCH_PATHS = (
					"$(inherited)",
					"@executable_path/Frameworks",
				);
				MARKETING_VERSION = 1.0;
				PRODUCT_BUNDLE_IDENTIFIER = com.husamdemirtas.Countries;
				PRODUCT_NAME = "$(TARGET_NAME)";
				SWIFT_EMIT_LOC_STRINGS = YES;
				SWIFT_VERSION = 5.0;
				TARGETED_DEVICE_FAMILY = "1,2";
			};
			name = Debug;
		};
		841DA96828E714870031BC6C /* Release */ = {
			isa = XCBuildConfiguration;
			buildSettings = {
				ASSETCATALOG_COMPILER_APPICON_NAME = AppIcon;
				ASSETCATALOG_COMPILER_GLOBAL_ACCENT_COLOR_NAME = AccentColor;
				CODE_SIGN_STYLE = Automatic;
				CURRENT_PROJECT_VERSION = 1;
				GENERATE_INFOPLIST_FILE = YES;
				INFOPLIST_FILE = Countries/Info.plist;
				INFOPLIST_KEY_UIApplicationSupportsIndirectInputEvents = YES;
				INFOPLIST_KEY_UILaunchStoryboardName = LaunchScreen;
				INFOPLIST_KEY_UISupportedInterfaceOrientations_iPad = "UIInterfaceOrientationPortrait UIInterfaceOrientationPortraitUpsideDown UIInterfaceOrientationLandscapeLeft UIInterfaceOrientationLandscapeRight";
				INFOPLIST_KEY_UISupportedInterfaceOrientations_iPhone = "UIInterfaceOrientationPortrait UIInterfaceOrientationLandscapeLeft UIInterfaceOrientationLandscapeRight";
				LD_RUNPATH_SEARCH_PATHS = (
					"$(inherited)",
					"@executable_path/Frameworks",
				);
				MARKETING_VERSION = 1.0;
				PRODUCT_BUNDLE_IDENTIFIER = com.husamdemirtas.Countries;
				PRODUCT_NAME = "$(TARGET_NAME)";
				SWIFT_EMIT_LOC_STRINGS = YES;
				SWIFT_VERSION = 5.0;
				TARGETED_DEVICE_FAMILY = "1,2";
			};
			name = Release;
		};
		841DA96A28E714870031BC6C /* Debug */ = {
			isa = XCBuildConfiguration;
			buildSettings = {
				ALWAYS_EMBED_SWIFT_STANDARD_LIBRARIES = YES;
				BUNDLE_LOADER = "$(TEST_HOST)";
				CODE_SIGN_STYLE = Automatic;
				CURRENT_PROJECT_VERSION = 1;
				GENERATE_INFOPLIST_FILE = YES;
				IPHONEOS_DEPLOYMENT_TARGET = 16.0;
				MARKETING_VERSION = 1.0;
				PRODUCT_BUNDLE_IDENTIFIER = com.husamdemirtas.CountriesTests;
				PRODUCT_NAME = "$(TARGET_NAME)";
				SWIFT_EMIT_LOC_STRINGS = NO;
				SWIFT_VERSION = 5.0;
				TARGETED_DEVICE_FAMILY = "1,2";
				TEST_HOST = "$(BUILT_PRODUCTS_DIR)/Countries.app/$(BUNDLE_EXECUTABLE_FOLDER_PATH)/Countries";
			};
			name = Debug;
		};
		841DA96B28E714870031BC6C /* Release */ = {
			isa = XCBuildConfiguration;
			buildSettings = {
				ALWAYS_EMBED_SWIFT_STANDARD_LIBRARIES = YES;
				BUNDLE_LOADER = "$(TEST_HOST)";
				CODE_SIGN_STYLE = Automatic;
				CURRENT_PROJECT_VERSION = 1;
				GENERATE_INFOPLIST_FILE = YES;
				IPHONEOS_DEPLOYMENT_TARGET = 16.0;
				MARKETING_VERSION = 1.0;
				PRODUCT_BUNDLE_IDENTIFIER = com.husamdemirtas.CountriesTests;
				PRODUCT_NAME = "$(TARGET_NAME)";
				SWIFT_EMIT_LOC_STRINGS = NO;
				SWIFT_VERSION = 5.0;
				TARGETED_DEVICE_FAMILY = "1,2";
				TEST_HOST = "$(BUILT_PRODUCTS_DIR)/Countries.app/$(BUNDLE_EXECUTABLE_FOLDER_PATH)/Countries";
			};
			name = Release;
		};
		841DA96D28E714870031BC6C /* Debug */ = {
			isa = XCBuildConfiguration;
			buildSettings = {
				ALWAYS_EMBED_SWIFT_STANDARD_LIBRARIES = YES;
				CODE_SIGN_STYLE = Automatic;
				CURRENT_PROJECT_VERSION = 1;
				GENERATE_INFOPLIST_FILE = YES;
				MARKETING_VERSION = 1.0;
				PRODUCT_BUNDLE_IDENTIFIER = com.husamdemirtas.CountriesUITests;
				PRODUCT_NAME = "$(TARGET_NAME)";
				SWIFT_EMIT_LOC_STRINGS = NO;
				SWIFT_VERSION = 5.0;
				TARGETED_DEVICE_FAMILY = "1,2";
				TEST_TARGET_NAME = Countries;
			};
			name = Debug;
		};
		841DA96E28E714870031BC6C /* Release */ = {
			isa = XCBuildConfiguration;
			buildSettings = {
				ALWAYS_EMBED_SWIFT_STANDARD_LIBRARIES = YES;
				CODE_SIGN_STYLE = Automatic;
				CURRENT_PROJECT_VERSION = 1;
				GENERATE_INFOPLIST_FILE = YES;
				MARKETING_VERSION = 1.0;
				PRODUCT_BUNDLE_IDENTIFIER = com.husamdemirtas.CountriesUITests;
				PRODUCT_NAME = "$(TARGET_NAME)";
				SWIFT_EMIT_LOC_STRINGS = NO;
				SWIFT_VERSION = 5.0;
				TARGETED_DEVICE_FAMILY = "1,2";
				TEST_TARGET_NAME = Countries;
			};
			name = Release;
		};
/* End XCBuildConfiguration section */

/* Begin XCConfigurationList section */
		841DA93428E714840031BC6C /* Build configuration list for PBXProject "Countries" */ = {
			isa = XCConfigurationList;
			buildConfigurations = (
				841DA96428E714870031BC6C /* Debug */,
				841DA96528E714870031BC6C /* Release */,
			);
			defaultConfigurationIsVisible = 0;
			defaultConfigurationName = Release;
		};
		841DA96628E714870031BC6C /* Build configuration list for PBXNativeTarget "Countries" */ = {
			isa = XCConfigurationList;
			buildConfigurations = (
				841DA96728E714870031BC6C /* Debug */,
				841DA96828E714870031BC6C /* Release */,
			);
			defaultConfigurationIsVisible = 0;
			defaultConfigurationName = Release;
		};
		841DA96928E714870031BC6C /* Build configuration list for PBXNativeTarget "CountriesTests" */ = {
			isa = XCConfigurationList;
			buildConfigurations = (
				841DA96A28E714870031BC6C /* Debug */,
				841DA96B28E714870031BC6C /* Release */,
			);
			defaultConfigurationIsVisible = 0;
			defaultConfigurationName = Release;
		};
		841DA96C28E714870031BC6C /* Build configuration list for PBXNativeTarget "CountriesUITests" */ = {
			isa = XCConfigurationList;
			buildConfigurations = (
				841DA96D28E714870031BC6C /* Debug */,
				841DA96E28E714870031BC6C /* Release */,
			);
			defaultConfigurationIsVisible = 0;
			defaultConfigurationName = Release;
		};
/* End XCConfigurationList section */

/* Begin XCRemoteSwiftPackageReference section */
		845D120A28EC4B25003A210E /* XCRemoteSwiftPackageReference "SVGKit" */ = {
			isa = XCRemoteSwiftPackageReference;
			repositoryURL = "https://github.com/SVGKit/SVGKit.git";
			requirement = {
				kind = upToNextMajorVersion;
				minimumVersion = 3.0.0;
			};
		};
		846B49FB28EB5E1000B97495 /* XCRemoteSwiftPackageReference "SDWebImage" */ = {
			isa = XCRemoteSwiftPackageReference;
			repositoryURL = "https://github.com/SDWebImage/SDWebImage.git";
			requirement = {
				branch = master;
				kind = branch;
			};
		};
		84C9D68828EC4704000599FA /* XCRemoteSwiftPackageReference "SDWebImageSVGCoder" */ = {
			isa = XCRemoteSwiftPackageReference;
			repositoryURL = "https://github.com/SDWebImage/SDWebImageSVGCoder.git";
			requirement = {
				kind = upToNextMajorVersion;
				minimumVersion = 1.0.0;
			};
		};
/* End XCRemoteSwiftPackageReference section */

/* Begin XCSwiftPackageProductDependency section */
		845D120B28EC4B25003A210E /* SVGKit */ = {
			isa = XCSwiftPackageProductDependency;
			package = 845D120A28EC4B25003A210E /* XCRemoteSwiftPackageReference "SVGKit" */;
			productName = SVGKit;
		};
		845D120D28EC4B25003A210E /* SVGKitSwift */ = {
			isa = XCSwiftPackageProductDependency;
			package = 845D120A28EC4B25003A210E /* XCRemoteSwiftPackageReference "SVGKit" */;
			productName = SVGKitSwift;
		};
		846B49FC28EB5E1000B97495 /* SDWebImage */ = {
			isa = XCSwiftPackageProductDependency;
			package = 846B49FB28EB5E1000B97495 /* XCRemoteSwiftPackageReference "SDWebImage" */;
			productName = SDWebImage;
		};
		846B49FE28EB5E1000B97495 /* SDWebImageMapKit */ = {
			isa = XCSwiftPackageProductDependency;
			package = 846B49FB28EB5E1000B97495 /* XCRemoteSwiftPackageReference "SDWebImage" */;
			productName = SDWebImageMapKit;
		};
		84C9D68928EC4704000599FA /* SDWebImageSVGCoder */ = {
			isa = XCSwiftPackageProductDependency;
			package = 84C9D68828EC4704000599FA /* XCRemoteSwiftPackageReference "SDWebImageSVGCoder" */;
			productName = SDWebImageSVGCoder;
		};
/* End XCSwiftPackageProductDependency section */

/* Begin XCVersionGroup section */
		841DA94528E714840031BC6C /* CountriesModel.xcdatamodeld */ = {
			isa = XCVersionGroup;
			children = (
				841DA94628E714840031BC6C /* Countries.xcdatamodel */,
			);
			currentVersion = 841DA94628E714840031BC6C /* Countries.xcdatamodel */;
			path = CountriesModel.xcdatamodeld;
			sourceTree = "<group>";
			versionGroupType = wrapper.xcdatamodel;
		};
/* End XCVersionGroup section */
	};
	rootObject = 841DA93128E714840031BC6C /* Project object */;
}
